
Microsoft Visual Studio Solution File, Format Version 12.00
# Visual Studio 15
VisualStudioVersion = 15.0.27428.2002
MinimumVisualStudioVersion = 10.0.40219.1
Project("{2150E333-8FDC-42A3-9474-1A3956D46DE8}") = "1.Web", "1.Web", "{E4151E68-0A81-48BC-9CE1-118AF70EF9A3}"
EndProject
Project("{2150E333-8FDC-42A3-9474-1A3956D46DE8}") = "2.BL", "2.BL", "{90131207-E5F2-43A7-B2E9-103DB88B76AF}"
EndProject
Project("{2150E333-8FDC-42A3-9474-1A3956D46DE8}") = "3.DA", "3.DA", "{772A4026-A98F-4A1A-87D3-A254E810668A}"
EndProject
Project("{FAE04EC0-301F-11D3-BF4B-00C04F79EFBC}") = "GSAV.WebApi", "GSAV.WebApi\GSAV.WebApi.csproj", "{E855F550-5B18-490C-9B94-4E79327195CF}"
EndProject
Project("{FAE04EC0-301F-11D3-BF4B-00C04F79EFBC}") = "GSAV.Entity", "GSAV.Entity\GSAV.Entity.csproj", "{0B533616-6732-4B8A-A681-FE12199EB067}"
EndProject
Project("{FAE04EC0-301F-11D3-BF4B-00C04F79EFBC}") = "GSAV.ServiceContracts", "GSAV.ServiceContracts\GSAV.ServiceContracts.csproj", "{3963DD49-8AEE-4FED-A44D-C35800D50332}"
EndProject
Project("{FAE04EC0-301F-11D3-BF4B-00C04F79EFBC}") = "GSAV.Data", "GSAV.Data\GSAV.Data.csproj", "{8B856658-5DB2-42F1-83B2-E4D78C3AF62E}"
EndProject
Project("{FAE04EC0-301F-11D3-BF4B-00C04F79EFBC}") = "GSAV.BLDependencyResolver", "GSAV.BLDependencyResolver\GSAV.BLDependencyResolver.csproj", "{88EA0A1D-C7CE-4FD7-AF76-0D3A37570893}"
EndProject
Project("{FAE04EC0-301F-11D3-BF4B-00C04F79EFBC}") = "GSAV.Web", "GSAV.Web\GSAV.Web.csproj", "{625D1B58-4B9D-49CF-AE53-6CFF4271CE0A}"
EndProject
Global
	GlobalSection(SolutionConfigurationPlatforms) = preSolution
		Debug|Any CPU = Debug|Any CPU
		Release|Any CPU = Release|Any CPU
	EndGlobalSection
	GlobalSection(ProjectConfigurationPlatforms) = postSolution
		{E855F550-5B18-490C-9B94-4E79327195CF}.Debug|Any CPU.ActiveCfg = Debug|Any CPU
		{E855F550-5B18-490C-9B94-4E79327195CF}.Debug|Any CPU.Build.0 = Debug|Any CPU
		{E855F550-5B18-490C-9B94-4E79327195CF}.Release|Any CPU.ActiveCfg = Release|Any CPU
		{E855F550-5B18-490C-9B94-4E79327195CF}.Release|Any CPU.Build.0 = Release|Any CPU
		{0B533616-6732-4B8A-A681-FE12199EB067}.Debug|Any CPU.ActiveCfg = Debug|Any CPU
		{0B533616-6732-4B8A-A681-FE12199EB067}.Debug|Any CPU.Build.0 = Debug|Any CPU
		{0B533616-6732-4B8A-A681-FE12199EB067}.Release|Any CPU.ActiveCfg = Release|Any CPU
		{0B533616-6732-4B8A-A681-FE12199EB067}.Release|Any CPU.Build.0 = Release|Any CPU
		{3963DD49-8AEE-4FED-A44D-C35800D50332}.Debug|Any CPU.ActiveCfg = Debug|Any CPU
		{3963DD49-8AEE-4FED-A44D-C35800D50332}.Debug|Any CPU.Build.0 = Debug|Any CPU
		{3963DD49-8AEE-4FED-A44D-C35800D50332}.Release|Any CPU.ActiveCfg = Release|Any CPU
		{3963DD49-8AEE-4FED-A44D-C35800D50332}.Release|Any CPU.Build.0 = Release|Any CPU
		{8B856658-5DB2-42F1-83B2-E4D78C3AF62E}.Debug|Any CPU.ActiveCfg = Debug|Any CPU
		{8B856658-5DB2-42F1-83B2-E4D78C3AF62E}.Debug|Any CPU.Build.0 = Debug|Any CPU
		{8B856658-5DB2-42F1-83B2-E4D78C3AF62E}.Release|Any CPU.ActiveCfg = Release|Any CPU
		{8B856658-5DB2-42F1-83B2-E4D78C3AF62E}.Release|Any CPU.Build.0 = Release|Any CPU
		{88EA0A1D-C7CE-4FD7-AF76-0D3A37570893}.Debug|Any CPU.ActiveCfg = Debug|Any CPU
		{88EA0A1D-C7CE-4FD7-AF76-0D3A37570893}.Debug|Any CPU.Build.0 = Debug|Any CPU
		{88EA0A1D-C7CE-4FD7-AF76-0D3A37570893}.Release|Any CPU.ActiveCfg = Release|Any CPU
		{88EA0A1D-C7CE-4FD7-AF76-0D3A37570893}.Release|Any CPU.Build.0 = Release|Any CPU
		{625D1B58-4B9D-49CF-AE53-6CFF4271CE0A}.Debug|Any CPU.ActiveCfg = Debug|Any CPU
		{625D1B58-4B9D-49CF-AE53-6CFF4271CE0A}.Debug|Any CPU.Build.0 = Debug|Any CPU
		{625D1B58-4B9D-49CF-AE53-6CFF4271CE0A}.Release|Any CPU.ActiveCfg = Release|Any CPU
		{625D1B58-4B9D-49CF-AE53-6CFF4271CE0A}.Release|Any CPU.Build.0 = Release|Any CPU
	EndGlobalSection
	GlobalSection(SolutionProperties) = preSolution
		HideSolutionNode = FALSE
	EndGlobalSection
	GlobalSection(NestedProjects) = preSolution
		{E855F550-5B18-490C-9B94-4E79327195CF} = {E4151E68-0A81-48BC-9CE1-118AF70EF9A3}
		{0B533616-6732-4B8A-A681-FE12199EB067} = {90131207-E5F2-43A7-B2E9-103DB88B76AF}
		{3963DD49-8AEE-4FED-A44D-C35800D50332} = {90131207-E5F2-43A7-B2E9-103DB88B76AF}
		{8B856658-5DB2-42F1-83B2-E4D78C3AF62E} = {772A4026-A98F-4A1A-87D3-A254E810668A}
		{88EA0A1D-C7CE-4FD7-AF76-0D3A37570893} = {90131207-E5F2-43A7-B2E9-103DB88B76AF}
		{625D1B58-4B9D-49CF-AE53-6CFF4271CE0A} = {E4151E68-0A81-48BC-9CE1-118AF70EF9A3}
	EndGlobalSection
	GlobalSection(ExtensibilityGlobals) = postSolution
		SolutionGuid = {B11DC446-9383-4364-8C80-6A61EAB442CC}
	EndGlobalSection
EndGlobal
